# THIS IS AN AUTOGENERATED FILE. DO NOT EDIT THIS FILE DIRECTLY.
# yarn lockfile v1


"@exhausted-pigeon/uniswap-v3-forge-quoter@^1.0.1":
  version "1.0.1"
  resolved "https://registry.yarnpkg.com/@exhausted-pigeon/uniswap-v3-forge-quoter/-/uniswap-v3-forge-quoter-1.0.1.tgz#cfe4637648461808d37ae4e88cf6a8e705b649f8"
  integrity sha512-UAvus9NE6ophIKKGa1v07s9f9+Pa+CkOqLuILBLc88AW3huvrAmK1NzvJyl/LEqORrzRWK2czjSnrfiVCwkzHA==
  dependencies:
    "@uniswap/v3-core" "^1.0.2-solc-0.8-simulate"

"@openzeppelin/contracts@^4.9.2":
  version "4.9.3"
  resolved "https://registry.yarnpkg.com/@openzeppelin/contracts/-/contracts-4.9.3.tgz#00d7a8cf35a475b160b3f0293a6403c511099364"
  integrity sha512-He3LieZ1pP2TNt5JbkPA4PNT9WC3gOTOlDcFGJW4Le4QKqwmiNJCRt44APfxMxvq7OugU/cqYuPcSBzOw38DAg==

"@prb/math@^4.0.1":
  version "4.0.1"
  resolved "https://registry.yarnpkg.com/@prb/math/-/math-4.0.1.tgz#bc90277f4f1c085c973f502455bf12c2b3b67666"
  integrity sha512-ANTz2KMV+dMdZ57mWgDTR6jZo5uQzUczQEHCxd7CvJZZ9yafnfPhUUILHvvigIOZ85fZbTPVkC8YoRG1z5Qf7g==

"@uniswap/v3-core@^1.0.2-solc-0.8-simulate":
  version "1.0.2-solc-0.8-simulate"
  resolved "https://registry.yarnpkg.com/@uniswap/v3-core/-/v3-core-1.0.2-solc-0.8-simulate.tgz#77fb42f2b502b4fec81844736d039fc059e8688c"
  integrity sha512-ALAZbsb3wvUrRzeAjrTKjv1fH7UrueJ/+D8uX4yintXHxxzbnnp78Kis2pa4D26cFQ72rwM3DrZpUES9rhsEuQ==

"ds-test@https://github.com/dapphub/ds-test.git#e282159d5170298eb2455a6c05280ab5a73a4ef0":
  version "1.0.0"
  resolved "https://github.com/dapphub/ds-test.git#e282159d5170298eb2455a6c05280ab5a73a4ef0"

"forge-std@https://github.com/foundry-rs/forge-std.git#06c5a8f760f7d2392697cb092eda80c864e4fc06":
  version "1.5.3"
  resolved "https://github.com/foundry-rs/forge-std.git#06c5a8f760f7d2392697cb092eda80c864e4fc06"
